
Microsoft Visual Studio Solution File, Format Version 12.00
# Visual Studio Version 17
VisualStudioVersion = 17.0.31903.59
MinimumVisualStudioVersion = 10.0.40219.1
Project("{2150E333-8FDC-42A3-9474-1A3956D46DE8}") = "NextGreaterElement", "NextGreaterElement", "{E3E26DF5-DF16-4118-AC94-33196E97BD6B}"
EndProject
Project("{FAE04EC0-301F-11D3-BF4B-00C04F79EFBC}") = "NextGreaterElement", "NextGreaterElement\NextGreaterElement\NextGreaterElement.csproj", "{C0254391-0C8A-4152-8DCE-1D8977B4B3C5}"
EndProject
Project("{2150E333-8FDC-42A3-9474-1A3956D46DE8}") = "HeapSort", "HeapSort", "{18F77A01-62CA-4B86-92BE-55A80310EA96}"
EndProject
Project("{FAE04EC0-301F-11D3-BF4B-00C04F79EFBC}") = "HeapSort", "HeapSort\HeapSort\HeapSort.csproj", "{A95D981E-2828-4838-9C5B-6C0BACE3F39D}"
EndProject
Project("{2150E333-8FDC-42A3-9474-1A3956D46DE8}") = "Nmeetings", "Nmeetings", "{4D8949E1-3A68-4837-9FCE-AE49B7378658}"
EndProject
Project("{FAE04EC0-301F-11D3-BF4B-00C04F79EFBC}") = "NmeetingsOneRoom", "Nmeetings\NmeetingsOneRoom\NmeetingsOneRoom.csproj", "{6BDF176F-AC06-4F7F-B8F7-207FDD7A66CD}"
EndProject
Project("{2150E333-8FDC-42A3-9474-1A3956D46DE8}") = "MinCostStairs", "MinCostStairs", "{24A996B5-333A-46E0-9AAA-25A5B0C4B990}"
EndProject
Project("{FAE04EC0-301F-11D3-BF4B-00C04F79EFBC}") = "MinCostClimbingStairs", "MinCostStairs\MinCostClimbingStairs\MinCostClimbingStairs.csproj", "{2E3677A9-4D1B-42FB-87B6-2D7B6D8CA689}"
EndProject
Project("{2150E333-8FDC-42A3-9474-1A3956D46DE8}") = "DFSofGraph", "DFSofGraph", "{87E782E1-D776-4B62-A810-9C392B307F5D}"
EndProject
Project("{FAE04EC0-301F-11D3-BF4B-00C04F79EFBC}") = "DFSofGraph", "DFSofGraph\DFSofGraph\DFSofGraph.csproj", "{F141D743-6896-4ECD-9C5B-1098660C6BA9}"
EndProject
Project("{2150E333-8FDC-42A3-9474-1A3956D46DE8}") = "BFSdirGraph", "BFSdirGraph", "{AF695593-53A5-4A86-BC85-7291683A9F6C}"
EndProject
Project("{FAE04EC0-301F-11D3-BF4B-00C04F79EFBC}") = "BFSdirGraph", "BFSdirGraph\BFSdirGraph\BFSdirGraph.csproj", "{8985053E-4B04-4E31-92FD-0751E6C96518}"
EndProject
Global
	GlobalSection(SolutionConfigurationPlatforms) = preSolution
		Debug|Any CPU = Debug|Any CPU
		Release|Any CPU = Release|Any CPU
	EndGlobalSection
	GlobalSection(SolutionProperties) = preSolution
		HideSolutionNode = FALSE
	EndGlobalSection
	GlobalSection(ProjectConfigurationPlatforms) = postSolution
		{C0254391-0C8A-4152-8DCE-1D8977B4B3C5}.Debug|Any CPU.ActiveCfg = Debug|Any CPU
		{C0254391-0C8A-4152-8DCE-1D8977B4B3C5}.Debug|Any CPU.Build.0 = Debug|Any CPU
		{C0254391-0C8A-4152-8DCE-1D8977B4B3C5}.Release|Any CPU.ActiveCfg = Release|Any CPU
		{C0254391-0C8A-4152-8DCE-1D8977B4B3C5}.Release|Any CPU.Build.0 = Release|Any CPU
		{A95D981E-2828-4838-9C5B-6C0BACE3F39D}.Debug|Any CPU.ActiveCfg = Debug|Any CPU
		{A95D981E-2828-4838-9C5B-6C0BACE3F39D}.Debug|Any CPU.Build.0 = Debug|Any CPU
		{A95D981E-2828-4838-9C5B-6C0BACE3F39D}.Release|Any CPU.ActiveCfg = Release|Any CPU
		{A95D981E-2828-4838-9C5B-6C0BACE3F39D}.Release|Any CPU.Build.0 = Release|Any CPU
		{6BDF176F-AC06-4F7F-B8F7-207FDD7A66CD}.Debug|Any CPU.ActiveCfg = Debug|Any CPU
		{6BDF176F-AC06-4F7F-B8F7-207FDD7A66CD}.Debug|Any CPU.Build.0 = Debug|Any CPU
		{6BDF176F-AC06-4F7F-B8F7-207FDD7A66CD}.Release|Any CPU.ActiveCfg = Release|Any CPU
		{6BDF176F-AC06-4F7F-B8F7-207FDD7A66CD}.Release|Any CPU.Build.0 = Release|Any CPU
		{2E3677A9-4D1B-42FB-87B6-2D7B6D8CA689}.Debug|Any CPU.ActiveCfg = Debug|Any CPU
		{2E3677A9-4D1B-42FB-87B6-2D7B6D8CA689}.Debug|Any CPU.Build.0 = Debug|Any CPU
		{2E3677A9-4D1B-42FB-87B6-2D7B6D8CA689}.Release|Any CPU.ActiveCfg = Release|Any CPU
		{2E3677A9-4D1B-42FB-87B6-2D7B6D8CA689}.Release|Any CPU.Build.0 = Release|Any CPU
		{F141D743-6896-4ECD-9C5B-1098660C6BA9}.Debug|Any CPU.ActiveCfg = Debug|Any CPU
		{F141D743-6896-4ECD-9C5B-1098660C6BA9}.Debug|Any CPU.Build.0 = Debug|Any CPU
		{F141D743-6896-4ECD-9C5B-1098660C6BA9}.Release|Any CPU.ActiveCfg = Release|Any CPU
		{F141D743-6896-4ECD-9C5B-1098660C6BA9}.Release|Any CPU.Build.0 = Release|Any CPU
		{8985053E-4B04-4E31-92FD-0751E6C96518}.Debug|Any CPU.ActiveCfg = Debug|Any CPU
		{8985053E-4B04-4E31-92FD-0751E6C96518}.Debug|Any CPU.Build.0 = Debug|Any CPU
		{8985053E-4B04-4E31-92FD-0751E6C96518}.Release|Any CPU.ActiveCfg = Release|Any CPU
		{8985053E-4B04-4E31-92FD-0751E6C96518}.Release|Any CPU.Build.0 = Release|Any CPU
	EndGlobalSection
	GlobalSection(NestedProjects) = preSolution
		{C0254391-0C8A-4152-8DCE-1D8977B4B3C5} = {E3E26DF5-DF16-4118-AC94-33196E97BD6B}
		{A95D981E-2828-4838-9C5B-6C0BACE3F39D} = {18F77A01-62CA-4B86-92BE-55A80310EA96}
		{6BDF176F-AC06-4F7F-B8F7-207FDD7A66CD} = {4D8949E1-3A68-4837-9FCE-AE49B7378658}
		{2E3677A9-4D1B-42FB-87B6-2D7B6D8CA689} = {24A996B5-333A-46E0-9AAA-25A5B0C4B990}
		{F141D743-6896-4ECD-9C5B-1098660C6BA9} = {87E782E1-D776-4B62-A810-9C392B307F5D}
		{8985053E-4B04-4E31-92FD-0751E6C96518} = {AF695593-53A5-4A86-BC85-7291683A9F6C}
	EndGlobalSection
EndGlobal
